
Microsoft Visual Studio Solution File, Format Version 12.00
# Visual Studio Version 16
VisualStudioVersion = 16.0.29609.76
MinimumVisualStudioVersion = 10.0.40219.1
Project("{9A19103F-16F7-4668-BE54-9A1E7A4F7556}") = "NU5129.Build.Props.Problem", "NU5129.Build.Props.Problem.csproj", "{CA7DA6AD-1232-486B-9DEC-AC408150ABA3}"
EndProject
Global
	GlobalSection(SolutionConfigurationPlatforms) = preSolution
		Debug|Any CPU = Debug|Any CPU
		Release|Any CPU = Release|Any CPU
	EndGlobalSection
	GlobalSection(ProjectConfigurationPlatforms) = postSolution
		{CA7DA6AD-1232-486B-9DEC-AC408150ABA3}.Debug|Any CPU.ActiveCfg = Debug|Any CPU
		{CA7DA6AD-1232-486B-9DEC-AC408150ABA3}.Debug|Any CPU.Build.0 = Debug|Any CPU
		{CA7DA6AD-1232-486B-9DEC-AC408150ABA3}.Release|Any CPU.ActiveCfg = Release|Any CPU
		{CA7DA6AD-1232-486B-9DEC-AC408150ABA3}.Release|Any CPU.Build.0 = Release|Any CPU
	EndGlobalSection
	GlobalSection(SolutionProperties) = preSolution
		HideSolutionNode = FALSE
	EndGlobalSection
	GlobalSection(ExtensibilityGlobals) = postSolution
		SolutionGuid = {91818477-37AD-4FC4-893D-575CAB369AF1}
	EndGlobalSection
EndGlobal
